
Microsoft Visual Studio Solution File, Format Version 12.00
# Visual Studio Version 16
VisualStudioVersion = 16.0.30114.105
MinimumVisualStudioVersion = 10.0.40219.1
Project("{FAE04EC0-301F-11D3-BF4B-00C04F79EFBC}") = "ossupload", "ossupload\ossupload.csproj", "{9CE3F771-443C-4BF2-947B-C90F07F38616}"
EndProject
Global
	GlobalSection(SolutionConfigurationPlatforms) = preSolution
		Debug|Any CPU = Debug|Any CPU
		Release|Any CPU = Release|Any CPU
	EndGlobalSection
	GlobalSection(ProjectConfigurationPlatforms) = postSolution
		{9CE3F771-443C-4BF2-947B-C90F07F38616}.Debug|Any CPU.ActiveCfg = Debug|Any CPU
		{9CE3F771-443C-4BF2-947B-C90F07F38616}.Debug|Any CPU.Build.0 = Debug|Any CPU
		{9CE3F771-443C-4BF2-947B-C90F07F38616}.Release|Any CPU.ActiveCfg = Release|Any CPU
		{9CE3F771-443C-4BF2-947B-C90F07F38616}.Release|Any CPU.Build.0 = Release|Any CPU
	EndGlobalSection
	GlobalSection(SolutionProperties) = preSolution
		HideSolutionNode = FALSE
	EndGlobalSection
	GlobalSection(ExtensibilityGlobals) = postSolution
		SolutionGuid = {F89C74AB-4FF6-4EA3-A23C-4C39021561CA}
	EndGlobalSection
EndGlobal
